// !$*UTF8*$!
{
	archiveVersion = 1;
	classes = {
	};
	objectVersion = 51;
	objects = {

/* Begin PBXBuildFile section */
		17B1C0C02567D3D200B3E6A4 /* AppDelegate.swift in Sources */ = {isa = PBXBuildFile; fileRef = 17B1C0BF2567D3D200B3E6A4 /* AppDelegate.swift */; };
		17B1C0C22567D3D200B3E6A4 /* SceneDelegate.swift in Sources */ = {isa = PBXBuildFile; fileRef = 17B1C0C12567D3D200B3E6A4 /* SceneDelegate.swift */; };
		17B1C0C72567D3D200B3E6A4 /* Main.storyboard in Resources */ = {isa = PBXBuildFile; fileRef = 17B1C0C52567D3D200B3E6A4 /* Main.storyboard */; };
		17B1C0C92567D3DE00B3E6A4 /* Assets.xcassets in Resources */ = {isa = PBXBuildFile; fileRef = 17B1C0C82567D3DE00B3E6A4 /* Assets.xcassets */; };
		17B1C0CC2567D3DE00B3E6A4 /* LaunchScreen.storyboard in Resources */ = {isa = PBXBuildFile; fileRef = 17B1C0CA2567D3DE00B3E6A4 /* LaunchScreen.storyboard */; };
		17B1C0D72567D3DE00B3E6A4 /* Scanner_AppTests.swift in Sources */ = {isa = PBXBuildFile; fileRef = 17B1C0D62567D3DE00B3E6A4 /* Scanner_AppTests.swift */; };
		17B1C0E22567D3DE00B3E6A4 /* Scanner_AppUITests.swift in Sources */ = {isa = PBXBuildFile; fileRef = 17B1C0E12567D3DE00B3E6A4 /* Scanner_AppUITests.swift */; };
		17D6BF13256EAFA300B108F1 /* GoogleService-Info.plist in Resources */ = {isa = PBXBuildFile; fileRef = 17D6BF12256EAFA300B108F1 /* GoogleService-Info.plist */; };
		2980A64FC7737E785141DD94 /* Pods_Scanner_AppTests.framework in Frameworks */ = {isa = PBXBuildFile; fileRef = 44F45F0EE93E64D999DAB11A /* Pods_Scanner_AppTests.framework */; };
		68E9A17DED01A803D9EBCA3F /* Pods_Scanner_App_Scanner_AppUITests.framework in Frameworks */ = {isa = PBXBuildFile; fileRef = D1B2F2FB870C8FF37B30ABC6 /* Pods_Scanner_App_Scanner_AppUITests.framework */; };
		92FE8BCE125CEB44082A260A /* Pods_Scanner_App.framework in Frameworks */ = {isa = PBXBuildFile; fileRef = 545B52059BE39EDEF7474E41 /* Pods_Scanner_App.framework */; };
		F539294725763D720020CB9D /* Extension.swift in Sources */ = {isa = PBXBuildFile; fileRef = F539294625763D720020CB9D /* Extension.swift */; };
		F539294F257649CC0020CB9D /* ViewController.swift in Sources */ = {isa = PBXBuildFile; fileRef = F539294E257649CC0020CB9D /* ViewController.swift */; };
		F539295425764EFB0020CB9D /* SignUpViewController.swift in Sources */ = {isa = PBXBuildFile; fileRef = F539295325764EFB0020CB9D /* SignUpViewController.swift */; };
		F539295C2576A17F0020CB9D /* Toast.swift in Sources */ = {isa = PBXBuildFile; fileRef = F539295B2576A17F0020CB9D /* Toast.swift */; };
		F53929612576A25B0020CB9D /* Utils.swift in Sources */ = {isa = PBXBuildFile; fileRef = F53929602576A25B0020CB9D /* Utils.swift */; };
		F53929662576B4AA0020CB9D /* MainViewController.swift in Sources */ = {isa = PBXBuildFile; fileRef = F53929652576B4AA0020CB9D /* MainViewController.swift */; };
		F53929882576BF770020CB9D /* ProfileViewController.swift in Sources */ = {isa = PBXBuildFile; fileRef = F53929872576BF770020CB9D /* ProfileViewController.swift */; };
		F539298D2576BFC80020CB9D /* StoreDataViewController.swift in Sources */ = {isa = PBXBuildFile; fileRef = F539298C2576BFC80020CB9D /* StoreDataViewController.swift */; };
		F5DD4AE52574077200787637 /* NavigationControllerCustom.swift in Sources */ = {isa = PBXBuildFile; fileRef = F5DD4AE42574077200787637 /* NavigationControllerCustom.swift */; };
		F5DD4AEA257407B300787637 /* ColorUtils.swift in Sources */ = {isa = PBXBuildFile; fileRef = F5DD4AE9257407B300787637 /* ColorUtils.swift */; };
		F5FA95F225726B9100C9427E /* StoryboardManager.swift in Sources */ = {isa = PBXBuildFile; fileRef = F5FA95F125726B9100C9427E /* StoryboardManager.swift */; };
		F5FA960225726BF200C9427E /* SplashViewController.xib in Resources */ = {isa = PBXBuildFile; fileRef = F5FA960125726BF200C9427E /* SplashViewController.xib */; };
		F5FA960825726E9C00C9427E /* RootViewController.swift in Sources */ = {isa = PBXBuildFile; fileRef = F5FA960725726E9C00C9427E /* RootViewController.swift */; };
		F5FA960D25726F0F00C9427E /* SplashViewController.swift in Sources */ = {isa = PBXBuildFile; fileRef = F5FA960C25726F0F00C9427E /* SplashViewController.swift */; };
		F5FA961325726F4E00C9427E /* ManageCacheObject.swift in Sources */ = {isa = PBXBuildFile; fileRef = F5FA961225726F4E00C9427E /* ManageCacheObject.swift */; };
		F5FA961D2572B42D00C9427E /* Account.swift in Sources */ = {isa = PBXBuildFile; fileRef = F5FA961C2572B42D00C9427E /* Account.swift */; };
		F5FA96452572B90600C9427E /* Configs.swift in Sources */ = {isa = PBXBuildFile; fileRef = F5FA96442572B90600C9427E /* Configs.swift */; };
		F5FA964A2572B91000C9427E /* EnumStatus.swift in Sources */ = {isa = PBXBuildFile; fileRef = F5FA96492572B91000C9427E /* EnumStatus.swift */; };
		F5FA96522572C2C100C9427E /* LoginViewController.swift in Sources */ = {isa = PBXBuildFile; fileRef = F5FA96512572C2C100C9427E /* LoginViewController.swift */; };
/* End PBXBuildFile section */

/* Begin PBXContainerItemProxy section */
		17B1C0D32567D3DE00B3E6A4 /* PBXContainerItemProxy */ = {
			isa = PBXContainerItemProxy;
			containerPortal = 17B1C0B42567D3D100B3E6A4 /* Project object */;
			proxyType = 1;
			remoteGlobalIDString = 17B1C0BB2567D3D200B3E6A4;
			remoteInfo = "Scanner App";
		};
		17B1C0DE2567D3DE00B3E6A4 /* PBXContainerItemProxy */ = {
			isa = PBXContainerItemProxy;
			containerPortal = 17B1C0B42567D3D100B3E6A4 /* Project object */;
			proxyType = 1;
			remoteGlobalIDString = 17B1C0BB2567D3D200B3E6A4;
			remoteInfo = "Scanner App";
		};
/* End PBXContainerItemProxy section */

/* Begin PBXFileReference section */
		17B1C0BC2567D3D200B3E6A4 /* Scanner App.app */ = {isa = PBXFileReference; explicitFileType = wrapper.application; includeInIndex = 0; path = "Scanner App.app"; sourceTree = BUILT_PRODUCTS_DIR; };
		17B1C0BF2567D3D200B3E6A4 /* AppDelegate.swift */ = {isa = PBXFileReference; lastKnownFileType = sourcecode.swift; path = AppDelegate.swift; sourceTree = "<group>"; };
		17B1C0C12567D3D200B3E6A4 /* SceneDelegate.swift */ = {isa = PBXFileReference; lastKnownFileType = sourcecode.swift; path = SceneDelegate.swift; sourceTree = "<group>"; };
		17B1C0C62567D3D200B3E6A4 /* Base */ = {isa = PBXFileReference; lastKnownFileType = file.storyboard; name = Base; path = Base.lproj/Main.storyboard; sourceTree = "<group>"; };
		17B1C0C82567D3DE00B3E6A4 /* Assets.xcassets */ = {isa = PBXFileReference; lastKnownFileType = folder.assetcatalog; path = Assets.xcassets; sourceTree = "<group>"; };
		17B1C0CB2567D3DE00B3E6A4 /* Base */ = {isa = PBXFileReference; lastKnownFileType = file.storyboard; name = Base; path = Base.lproj/LaunchScreen.storyboard; sourceTree = "<group>"; };
		17B1C0CD2567D3DE00B3E6A4 /* Info.plist */ = {isa = PBXFileReference; lastKnownFileType = text.plist.xml; path = Info.plist; sourceTree = "<group>"; };
		17B1C0D22567D3DE00B3E6A4 /* Scanner AppTests.xctest */ = {isa = PBXFileReference; explicitFileType = wrapper.cfbundle; includeInIndex = 0; path = "Scanner AppTests.xctest"; sourceTree = BUILT_PRODUCTS_DIR; };
		17B1C0D62567D3DE00B3E6A4 /* Scanner_AppTests.swift */ = {isa = PBXFileReference; lastKnownFileType = sourcecode.swift; path = Scanner_AppTests.swift; sourceTree = "<group>"; };
		17B1C0D82567D3DE00B3E6A4 /* Info.plist */ = {isa = PBXFileReference; lastKnownFileType = text.plist.xml; path = Info.plist; sourceTree = "<group>"; };
		17B1C0DD2567D3DE00B3E6A4 /* Scanner AppUITests.xctest */ = {isa = PBXFileReference; explicitFileType = wrapper.cfbundle; includeInIndex = 0; path = "Scanner AppUITests.xctest"; sourceTree = BUILT_PRODUCTS_DIR; };
		17B1C0E12567D3DE00B3E6A4 /* Scanner_AppUITests.swift */ = {isa = PBXFileReference; lastKnownFileType = sourcecode.swift; path = Scanner_AppUITests.swift; sourceTree = "<group>"; };
		17B1C0E32567D3DE00B3E6A4 /* Info.plist */ = {isa = PBXFileReference; lastKnownFileType = text.plist.xml; path = Info.plist; sourceTree = "<group>"; };
		17D6BF12256EAFA300B108F1 /* GoogleService-Info.plist */ = {isa = PBXFileReference; fileEncoding = 4; lastKnownFileType = text.plist.xml; path = "GoogleService-Info.plist"; sourceTree = "<group>"; };
		44F45F0EE93E64D999DAB11A /* Pods_Scanner_AppTests.framework */ = {isa = PBXFileReference; explicitFileType = wrapper.framework; includeInIndex = 0; path = Pods_Scanner_AppTests.framework; sourceTree = BUILT_PRODUCTS_DIR; };
		545B52059BE39EDEF7474E41 /* Pods_Scanner_App.framework */ = {isa = PBXFileReference; explicitFileType = wrapper.framework; includeInIndex = 0; path = Pods_Scanner_App.framework; sourceTree = BUILT_PRODUCTS_DIR; };
		6B23ABCD925640AA36B716CE /* Pods-Scanner App.debug.xcconfig */ = {isa = PBXFileReference; includeInIndex = 1; lastKnownFileType = text.xcconfig; name = "Pods-Scanner App.debug.xcconfig"; path = "Target Support Files/Pods-Scanner App/Pods-Scanner App.debug.xcconfig"; sourceTree = "<group>"; };
		6EFCA9E3FD33740555CA8FDF /* Pods-Scanner AppTests.release.xcconfig */ = {isa = PBXFileReference; includeInIndex = 1; lastKnownFileType = text.xcconfig; name = "Pods-Scanner AppTests.release.xcconfig"; path = "Target Support Files/Pods-Scanner AppTests/Pods-Scanner AppTests.release.xcconfig"; sourceTree = "<group>"; };
		7969765859F7EFBE773BF2D9 /* Pods-Scanner App-Scanner AppUITests.release.xcconfig */ = {isa = PBXFileReference; includeInIndex = 1; lastKnownFileType = text.xcconfig; name = "Pods-Scanner App-Scanner AppUITests.release.xcconfig"; path = "Target Support Files/Pods-Scanner App-Scanner AppUITests/Pods-Scanner App-Scanner AppUITests.release.xcconfig"; sourceTree = "<group>"; };
		7DDBB52F753C9962D420056B /* Pods-Scanner AppTests.debug.xcconfig */ = {isa = PBXFileReference; includeInIndex = 1; lastKnownFileType = text.xcconfig; name = "Pods-Scanner AppTests.debug.xcconfig"; path = "Target Support Files/Pods-Scanner AppTests/Pods-Scanner AppTests.debug.xcconfig"; sourceTree = "<group>"; };
		B288F097E6C0D4D26417BCEF /* Pods-Scanner App-Scanner AppUITests.debug.xcconfig */ = {isa = PBXFileReference; includeInIndex = 1; lastKnownFileType = text.xcconfig; name = "Pods-Scanner App-Scanner AppUITests.debug.xcconfig"; path = "Target Support Files/Pods-Scanner App-Scanner AppUITests/Pods-Scanner App-Scanner AppUITests.debug.xcconfig"; sourceTree = "<group>"; };
		D1B2F2FB870C8FF37B30ABC6 /* Pods_Scanner_App_Scanner_AppUITests.framework */ = {isa = PBXFileReference; explicitFileType = wrapper.framework; includeInIndex = 0; path = Pods_Scanner_App_Scanner_AppUITests.framework; sourceTree = BUILT_PRODUCTS_DIR; };
		F539294625763D720020CB9D /* Extension.swift */ = {isa = PBXFileReference; lastKnownFileType = sourcecode.swift; path = Extension.swift; sourceTree = "<group>"; };
		F539294E257649CC0020CB9D /* ViewController.swift */ = {isa = PBXFileReference; fileEncoding = 4; lastKnownFileType = sourcecode.swift; path = ViewController.swift; sourceTree = "<group>"; };
		F539295325764EFB0020CB9D /* SignUpViewController.swift */ = {isa = PBXFileReference; lastKnownFileType = sourcecode.swift; path = SignUpViewController.swift; sourceTree = "<group>"; };
		F539295B2576A17F0020CB9D /* Toast.swift */ = {isa = PBXFileReference; lastKnownFileType = sourcecode.swift; path = Toast.swift; sourceTree = "<group>"; };
		F53929602576A25B0020CB9D /* Utils.swift */ = {isa = PBXFileReference; lastKnownFileType = sourcecode.swift; path = Utils.swift; sourceTree = "<group>"; };
		F53929652576B4AA0020CB9D /* MainViewController.swift */ = {isa = PBXFileReference; lastKnownFileType = sourcecode.swift; path = MainViewController.swift; sourceTree = "<group>"; };
		F53929872576BF770020CB9D /* ProfileViewController.swift */ = {isa = PBXFileReference; lastKnownFileType = sourcecode.swift; path = ProfileViewController.swift; sourceTree = "<group>"; };
		F539298C2576BFC80020CB9D /* StoreDataViewController.swift */ = {isa = PBXFileReference; lastKnownFileType = sourcecode.swift; path = StoreDataViewController.swift; sourceTree = "<group>"; };
		F5DD4AE42574077200787637 /* NavigationControllerCustom.swift */ = {isa = PBXFileReference; lastKnownFileType = sourcecode.swift; path = NavigationControllerCustom.swift; sourceTree = "<group>"; };
		F5DD4AE9257407B300787637 /* ColorUtils.swift */ = {isa = PBXFileReference; lastKnownFileType = sourcecode.swift; path = ColorUtils.swift; sourceTree = "<group>"; };
		F5FA95F125726B9100C9427E /* StoryboardManager.swift */ = {isa = PBXFileReference; lastKnownFileType = sourcecode.swift; path = StoryboardManager.swift; sourceTree = "<group>"; };
		F5FA960125726BF200C9427E /* SplashViewController.xib */ = {isa = PBXFileReference; lastKnownFileType = file.xib; path = SplashViewController.xib; sourceTree = "<group>"; };
		F5FA960725726E9C00C9427E /* RootViewController.swift */ = {isa = PBXFileReference; lastKnownFileType = sourcecode.swift; path = RootViewController.swift; sourceTree = "<group>"; };
		F5FA960C25726F0F00C9427E /* SplashViewController.swift */ = {isa = PBXFileReference; lastKnownFileType = sourcecode.swift; path = SplashViewController.swift; sourceTree = "<group>"; };
		F5FA961225726F4E00C9427E /* ManageCacheObject.swift */ = {isa = PBXFileReference; lastKnownFileType = sourcecode.swift; path = ManageCacheObject.swift; sourceTree = "<group>"; };
		F5FA961C2572B42D00C9427E /* Account.swift */ = {isa = PBXFileReference; lastKnownFileType = sourcecode.swift; path = Account.swift; sourceTree = "<group>"; };
		F5FA96402572B87400C9427E /* header.h */ = {isa = PBXFileReference; lastKnownFileType = sourcecode.c.h; path = header.h; sourceTree = "<group>"; };
		F5FA96442572B90600C9427E /* Configs.swift */ = {isa = PBXFileReference; lastKnownFileType = sourcecode.swift; path = Configs.swift; sourceTree = "<group>"; };
		F5FA96492572B91000C9427E /* EnumStatus.swift */ = {isa = PBXFileReference; lastKnownFileType = sourcecode.swift; path = EnumStatus.swift; sourceTree = "<group>"; };
		F5FA96512572C2C100C9427E /* LoginViewController.swift */ = {isa = PBXFileReference; lastKnownFileType = sourcecode.swift; path = LoginViewController.swift; sourceTree = "<group>"; };
		F8563BF2DB112685C9CC31F3 /* Pods-Scanner App.release.xcconfig */ = {isa = PBXFileReference; includeInIndex = 1; lastKnownFileType = text.xcconfig; name = "Pods-Scanner App.release.xcconfig"; path = "Target Support Files/Pods-Scanner App/Pods-Scanner App.release.xcconfig"; sourceTree = "<group>"; };
/* End PBXFileReference section */

/* Begin PBXFrameworksBuildPhase section */
		17B1C0B92567D3D200B3E6A4 /* Frameworks */ = {
			isa = PBXFrameworksBuildPhase;
			buildActionMask = 2147483647;
			files = (
				92FE8BCE125CEB44082A260A /* Pods_Scanner_App.framework in Frameworks */,
			);
			runOnlyForDeploymentPostprocessing = 0;
		};
		17B1C0CF2567D3DE00B3E6A4 /* Frameworks */ = {
			isa = PBXFrameworksBuildPhase;
			buildActionMask = 2147483647;
			files = (
				2980A64FC7737E785141DD94 /* Pods_Scanner_AppTests.framework in Frameworks */,
			);
			runOnlyForDeploymentPostprocessing = 0;
		};
		17B1C0DA2567D3DE00B3E6A4 /* Frameworks */ = {
			isa = PBXFrameworksBuildPhase;
			buildActionMask = 2147483647;
			files = (
				68E9A17DED01A803D9EBCA3F /* Pods_Scanner_App_Scanner_AppUITests.framework in Frameworks */,
			);
			runOnlyForDeploymentPostprocessing = 0;
		};
/* End PBXFrameworksBuildPhase section */

/* Begin PBXGroup section */
		17B1C0B32567D3D100B3E6A4 = {
			isa = PBXGroup;
			children = (
				17B1C0BE2567D3D200B3E6A4 /* Scanner App */,
				17B1C0D52567D3DE00B3E6A4 /* Scanner AppTests */,
				17B1C0E02567D3DE00B3E6A4 /* Scanner AppUITests */,
				17B1C0BD2567D3D200B3E6A4 /* Products */,
				CD16C35AD4171CD52C1AE083 /* Pods */,
				DC629AD9EC2B0B23D1C25157 /* Frameworks */,
			);
			sourceTree = "<group>";
		};
		17B1C0BD2567D3D200B3E6A4 /* Products */ = {
			isa = PBXGroup;
			children = (
				17B1C0BC2567D3D200B3E6A4 /* Scanner App.app */,
				17B1C0D22567D3DE00B3E6A4 /* Scanner AppTests.xctest */,
				17B1C0DD2567D3DE00B3E6A4 /* Scanner AppUITests.xctest */,
			);
			name = Products;
			sourceTree = "<group>";
		};
		17B1C0BE2567D3D200B3E6A4 /* Scanner App */ = {
			isa = PBXGroup;
			children = (
				F5FA961B2572B41700C9427E /* Models */,
				F5FA961125726F3000C9427E /* Helpers */,
				F5FA960625726C3800C9427E /* Controllers */,
				F5FA95F025726B7F00C9427E /* Storyboards */,
				17B1C0BF2567D3D200B3E6A4 /* AppDelegate.swift */,
				17B1C0C12567D3D200B3E6A4 /* SceneDelegate.swift */,
				17B1C0C82567D3DE00B3E6A4 /* Assets.xcassets */,
				17B1C0CD2567D3DE00B3E6A4 /* Info.plist */,
				17D6BF12256EAFA300B108F1 /* GoogleService-Info.plist */,
			);
			path = "Scanner App";
			sourceTree = "<group>";
		};
		17B1C0D52567D3DE00B3E6A4 /* Scanner AppTests */ = {
			isa = PBXGroup;
			children = (
				17B1C0D62567D3DE00B3E6A4 /* Scanner_AppTests.swift */,
				17B1C0D82567D3DE00B3E6A4 /* Info.plist */,
			);
			path = "Scanner AppTests";
			sourceTree = "<group>";
		};
		17B1C0E02567D3DE00B3E6A4 /* Scanner AppUITests */ = {
			isa = PBXGroup;
			children = (
				17B1C0E12567D3DE00B3E6A4 /* Scanner_AppUITests.swift */,
				17B1C0E32567D3DE00B3E6A4 /* Info.plist */,
			);
			path = "Scanner AppUITests";
			sourceTree = "<group>";
		};
		CD16C35AD4171CD52C1AE083 /* Pods */ = {
			isa = PBXGroup;
			children = (
				6B23ABCD925640AA36B716CE /* Pods-Scanner App.debug.xcconfig */,
				F8563BF2DB112685C9CC31F3 /* Pods-Scanner App.release.xcconfig */,
				B288F097E6C0D4D26417BCEF /* Pods-Scanner App-Scanner AppUITests.debug.xcconfig */,
				7969765859F7EFBE773BF2D9 /* Pods-Scanner App-Scanner AppUITests.release.xcconfig */,
				7DDBB52F753C9962D420056B /* Pods-Scanner AppTests.debug.xcconfig */,
				6EFCA9E3FD33740555CA8FDF /* Pods-Scanner AppTests.release.xcconfig */,
			);
			path = Pods;
			sourceTree = "<group>";
		};
		DC629AD9EC2B0B23D1C25157 /* Frameworks */ = {
			isa = PBXGroup;
			children = (
				545B52059BE39EDEF7474E41 /* Pods_Scanner_App.framework */,
				D1B2F2FB870C8FF37B30ABC6 /* Pods_Scanner_App_Scanner_AppUITests.framework */,
				44F45F0EE93E64D999DAB11A /* Pods_Scanner_AppTests.framework */,
			);
			name = Frameworks;
			sourceTree = "<group>";
		};
		F5FA95F025726B7F00C9427E /* Storyboards */ = {
			isa = PBXGroup;
			children = (
				F5FA95F125726B9100C9427E /* StoryboardManager.swift */,
				17B1C0C52567D3D200B3E6A4 /* Main.storyboard */,
				F5FA960125726BF200C9427E /* SplashViewController.xib */,
				17B1C0CA2567D3DE00B3E6A4 /* LaunchScreen.storyboard */,
			);
			path = Storyboards;
			sourceTree = "<group>";
		};
		F5FA960625726C3800C9427E /* Controllers */ = {
			isa = PBXGroup;
			children = (
				F539294E257649CC0020CB9D /* ViewController.swift */,
				F5FA960725726E9C00C9427E /* RootViewController.swift */,
				F5FA960C25726F0F00C9427E /* SplashViewController.swift */,
				F5FA96512572C2C100C9427E /* LoginViewController.swift */,
				F539295325764EFB0020CB9D /* SignUpViewController.swift */,
				F5DD4AE42574077200787637 /* NavigationControllerCustom.swift */,
				F53929652576B4AA0020CB9D /* MainViewController.swift */,
				F53929872576BF770020CB9D /* ProfileViewController.swift */,
				F539298C2576BFC80020CB9D /* StoreDataViewController.swift */,
			);
			path = Controllers;
			sourceTree = "<group>";
		};
		F5FA961125726F3000C9427E /* Helpers */ = {
			isa = PBXGroup;
			children = (
				F5FA961225726F4E00C9427E /* ManageCacheObject.swift */,
				F5FA96442572B90600C9427E /* Configs.swift */,
				F5FA96492572B91000C9427E /* EnumStatus.swift */,
				F5FA96402572B87400C9427E /* header.h */,
				F5DD4AE9257407B300787637 /* ColorUtils.swift */,
				F539294625763D720020CB9D /* Extension.swift */,
				F539295B2576A17F0020CB9D /* Toast.swift */,
				F53929602576A25B0020CB9D /* Utils.swift */,
			);
			path = Helpers;
			sourceTree = "<group>";
		};
		F5FA961B2572B41700C9427E /* Models */ = {
			isa = PBXGroup;
			children = (
				F5FA961C2572B42D00C9427E /* Account.swift */,
			);
			path = Models;
			sourceTree = "<group>";
		};
/* End PBXGroup section */

/* Begin PBXNativeTarget section */
		17B1C0BB2567D3D200B3E6A4 /* Scanner App */ = {
			isa = PBXNativeTarget;
			buildConfigurationList = 17B1C0E62567D3DE00B3E6A4 /* Build configuration list for PBXNativeTarget "Scanner App" */;
			buildPhases = (
				B0B9C8C7FB5E2DEF5D927B5F /* [CP] Check Pods Manifest.lock */,
				17B1C0B82567D3D200B3E6A4 /* Sources */,
				17B1C0B92567D3D200B3E6A4 /* Frameworks */,
				17B1C0BA2567D3D200B3E6A4 /* Resources */,
				69F87FC5974C34E1F5D8B2E8 /* [CP] Embed Pods Frameworks */,
			);
			buildRules = (
			);
			dependencies = (
			);
			name = "Scanner App";
			productName = "Scanner App";
			productReference = 17B1C0BC2567D3D200B3E6A4 /* Scanner App.app */;
			productType = "com.apple.product-type.application";
		};
		17B1C0D12567D3DE00B3E6A4 /* Scanner AppTests */ = {
			isa = PBXNativeTarget;
			buildConfigurationList = 17B1C0E92567D3DE00B3E6A4 /* Build configuration list for PBXNativeTarget "Scanner AppTests" */;
			buildPhases = (
				EA68918938ADEE23C8C18DC2 /* [CP] Check Pods Manifest.lock */,
				17B1C0CE2567D3DE00B3E6A4 /* Sources */,
				17B1C0CF2567D3DE00B3E6A4 /* Frameworks */,
				17B1C0D02567D3DE00B3E6A4 /* Resources */,
			);
			buildRules = (
			);
			dependencies = (
				17B1C0D42567D3DE00B3E6A4 /* PBXTargetDependency */,
			);
			name = "Scanner AppTests";
			productName = "Scanner AppTests";
			productReference = 17B1C0D22567D3DE00B3E6A4 /* Scanner AppTests.xctest */;
			productType = "com.apple.product-type.bundle.unit-test";
		};
		17B1C0DC2567D3DE00B3E6A4 /* Scanner AppUITests */ = {
			isa = PBXNativeTarget;
			buildConfigurationList = 17B1C0EC2567D3DE00B3E6A4 /* Build configuration list for PBXNativeTarget "Scanner AppUITests" */;
			buildPhases = (
				82502536C252E9282B714251 /* [CP] Check Pods Manifest.lock */,
				17B1C0D92567D3DE00B3E6A4 /* Sources */,
				17B1C0DA2567D3DE00B3E6A4 /* Frameworks */,
				17B1C0DB2567D3DE00B3E6A4 /* Resources */,
				ACE03D6741887415CA705112 /* [CP] Embed Pods Frameworks */,
			);
			buildRules = (
			);
			dependencies = (
				17B1C0DF2567D3DE00B3E6A4 /* PBXTargetDependency */,
			);
			name = "Scanner AppUITests";
			productName = "Scanner AppUITests";
			productReference = 17B1C0DD2567D3DE00B3E6A4 /* Scanner AppUITests.xctest */;
			productType = "com.apple.product-type.bundle.ui-testing";
		};
/* End PBXNativeTarget section */

/* Begin PBXProject section */
		17B1C0B42567D3D100B3E6A4 /* Project object */ = {
			isa = PBXProject;
			attributes = {
				LastSwiftUpdateCheck = 1220;
				LastUpgradeCheck = 1220;
				TargetAttributes = {
					17B1C0BB2567D3D200B3E6A4 = {
						CreatedOnToolsVersion = 12.2;
					};
					17B1C0D12567D3DE00B3E6A4 = {
						CreatedOnToolsVersion = 12.2;
						TestTargetID = 17B1C0BB2567D3D200B3E6A4;
					};
					17B1C0DC2567D3DE00B3E6A4 = {
						CreatedOnToolsVersion = 12.2;
						TestTargetID = 17B1C0BB2567D3D200B3E6A4;
					};
				};
			};
			buildConfigurationList = 17B1C0B72567D3D100B3E6A4 /* Build configuration list for PBXProject "Scanner App" */;
			compatibilityVersion = "Xcode 9.3";
			developmentRegion = en;
			hasScannedForEncodings = 0;
			knownRegions = (
				en,
				Base,
			);
			mainGroup = 17B1C0B32567D3D100B3E6A4;
			productRefGroup = 17B1C0BD2567D3D200B3E6A4 /* Products */;
			projectDirPath = "";
			projectRoot = "";
			targets = (
				17B1C0BB2567D3D200B3E6A4 /* Scanner App */,
				17B1C0D12567D3DE00B3E6A4 /* Scanner AppTests */,
				17B1C0DC2567D3DE00B3E6A4 /* Scanner AppUITests */,
			);
		};
/* End PBXProject section */

/* Begin PBXResourcesBuildPhase section */
		17B1C0BA2567D3D200B3E6A4 /* Resources */ = {
			isa = PBXResourcesBuildPhase;
			buildActionMask = 2147483647;
			files = (
				17B1C0CC2567D3DE00B3E6A4 /* LaunchScreen.storyboard in Resources */,
				17D6BF13256EAFA300B108F1 /* GoogleService-Info.plist in Resources */,
				17B1C0C92567D3DE00B3E6A4 /* Assets.xcassets in Resources */,
				F5FA960225726BF200C9427E /* SplashViewController.xib in Resources */,
				17B1C0C72567D3D200B3E6A4 /* Main.storyboard in Resources */,
			);
			runOnlyForDeploymentPostprocessing = 0;
		};
		17B1C0D02567D3DE00B3E6A4 /* Resources */ = {
			isa = PBXResourcesBuildPhase;
			buildActionMask = 2147483647;
			files = (
			);
			runOnlyForDeploymentPostprocessing = 0;
		};
		17B1C0DB2567D3DE00B3E6A4 /* Resources */ = {
			isa = PBXResourcesBuildPhase;
			buildActionMask = 2147483647;
			files = (
			);
			runOnlyForDeploymentPostprocessing = 0;
		};
/* End PBXResourcesBuildPhase section */

/* Begin PBXShellScriptBuildPhase section */
		69F87FC5974C34E1F5D8B2E8 /* [CP] Embed Pods Frameworks */ = {
			isa = PBXShellScriptBuildPhase;
			buildActionMask = 2147483647;
			files = (
			);
			inputFileListPaths = (
				"${PODS_ROOT}/Target Support Files/Pods-Scanner App/Pods-Scanner App-frameworks-${CONFIGURATION}-input-files.xcfilelist",
			);
			name = "[CP] Embed Pods Frameworks";
			outputFileListPaths = (
				"${PODS_ROOT}/Target Support Files/Pods-Scanner App/Pods-Scanner App-frameworks-${CONFIGURATION}-output-files.xcfilelist",
			);
			runOnlyForDeploymentPostprocessing = 0;
			shellPath = /bin/sh;
			shellScript = "\"${PODS_ROOT}/Target Support Files/Pods-Scanner App/Pods-Scanner App-frameworks.sh\"\n";
			showEnvVarsInLog = 0;
		};
		82502536C252E9282B714251 /* [CP] Check Pods Manifest.lock */ = {
			isa = PBXShellScriptBuildPhase;
			buildActionMask = 2147483647;
			files = (
			);
			inputFileListPaths = (
			);
			inputPaths = (
				"${PODS_PODFILE_DIR_PATH}/Podfile.lock",
				"${PODS_ROOT}/Manifest.lock",
			);
			name = "[CP] Check Pods Manifest.lock";
			outputFileListPaths = (
			);
			outputPaths = (
				"$(DERIVED_FILE_DIR)/Pods-Scanner App-Scanner AppUITests-checkManifestLockResult.txt",
			);
			runOnlyForDeploymentPostprocessing = 0;
			shellPath = /bin/sh;
			shellScript = "diff \"${PODS_PODFILE_DIR_PATH}/Podfile.lock\" \"${PODS_ROOT}/Manifest.lock\" > /dev/null\nif [ $? != 0 ] ; then\n    # print error to STDERR\n    echo \"error: The sandbox is not in sync with the Podfile.lock. Run 'pod install' or update your CocoaPods installation.\" >&2\n    exit 1\nfi\n# This output is used by Xcode 'outputs' to avoid re-running this script phase.\necho \"SUCCESS\" > \"${SCRIPT_OUTPUT_FILE_0}\"\n";
			showEnvVarsInLog = 0;
		};
		ACE03D6741887415CA705112 /* [CP] Embed Pods Frameworks */ = {
			isa = PBXShellScriptBuildPhase;
			buildActionMask = 2147483647;
			files = (
			);
			inputFileListPaths = (
				"${PODS_ROOT}/Target Support Files/Pods-Scanner App-Scanner AppUITests/Pods-Scanner App-Scanner AppUITests-frameworks-${CONFIGURATION}-input-files.xcfilelist",
			);
			name = "[CP] Embed Pods Frameworks";
			outputFileListPaths = (
				"${PODS_ROOT}/Target Support Files/Pods-Scanner App-Scanner AppUITests/Pods-Scanner App-Scanner AppUITests-frameworks-${CONFIGURATION}-output-files.xcfilelist",
			);
			runOnlyForDeploymentPostprocessing = 0;
			shellPath = /bin/sh;
			shellScript = "\"${PODS_ROOT}/Target Support Files/Pods-Scanner App-Scanner AppUITests/Pods-Scanner App-Scanner AppUITests-frameworks.sh\"\n";
			showEnvVarsInLog = 0;
		};
		B0B9C8C7FB5E2DEF5D927B5F /* [CP] Check Pods Manifest.lock */ = {
			isa = PBXShellScriptBuildPhase;
			buildActionMask = 2147483647;
			files = (
			);
			inputFileListPaths = (
			);
			inputPaths = (
				"${PODS_PODFILE_DIR_PATH}/Podfile.lock",
				"${PODS_ROOT}/Manifest.lock",
			);
			name = "[CP] Check Pods Manifest.lock";
			outputFileListPaths = (
			);
			outputPaths = (
				"$(DERIVED_FILE_DIR)/Pods-Scanner App-checkManifestLockResult.txt",
			);
			runOnlyForDeploymentPostprocessing = 0;
			shellPath = /bin/sh;
			shellScript = "diff \"${PODS_PODFILE_DIR_PATH}/Podfile.lock\" \"${PODS_ROOT}/Manifest.lock\" > /dev/null\nif [ $? != 0 ] ; then\n    # print error to STDERR\n    echo \"error: The sandbox is not in sync with the Podfile.lock. Run 'pod install' or update your CocoaPods installation.\" >&2\n    exit 1\nfi\n# This output is used by Xcode 'outputs' to avoid re-running this script phase.\necho \"SUCCESS\" > \"${SCRIPT_OUTPUT_FILE_0}\"\n";
			showEnvVarsInLog = 0;
		};
		EA68918938ADEE23C8C18DC2 /* [CP] Check Pods Manifest.lock */ = {
			isa = PBXShellScriptBuildPhase;
			buildActionMask = 2147483647;
			files = (
			);
			inputFileListPaths = (
			);
			inputPaths = (
				"${PODS_PODFILE_DIR_PATH}/Podfile.lock",
				"${PODS_ROOT}/Manifest.lock",
			);
			name = "[CP] Check Pods Manifest.lock";
			outputFileListPaths = (
			);
			outputPaths = (
				"$(DERIVED_FILE_DIR)/Pods-Scanner AppTests-checkManifestLockResult.txt",
			);
			runOnlyForDeploymentPostprocessing = 0;
			shellPath = /bin/sh;
			shellScript = "diff \"${PODS_PODFILE_DIR_PATH}/Podfile.lock\" \"${PODS_ROOT}/Manifest.lock\" > /dev/null\nif [ $? != 0 ] ; then\n    # print error to STDERR\n    echo \"error: The sandbox is not in sync with the Podfile.lock. Run 'pod install' or update your CocoaPods installation.\" >&2\n    exit 1\nfi\n# This output is used by Xcode 'outputs' to avoid re-running this script phase.\necho \"SUCCESS\" > \"${SCRIPT_OUTPUT_FILE_0}\"\n";
			showEnvVarsInLog = 0;
		};
/* End PBXShellScriptBuildPhase section */

/* Begin PBXSourcesBuildPhase section */
		17B1C0B82567D3D200B3E6A4 /* Sources */ = {
			isa = PBXSourcesBuildPhase;
			buildActionMask = 2147483647;
			files = (
				F5DD4AEA257407B300787637 /* ColorUtils.swift in Sources */,
				F539295C2576A17F0020CB9D /* Toast.swift in Sources */,
				F5DD4AE52574077200787637 /* NavigationControllerCustom.swift in Sources */,
				F5FA960825726E9C00C9427E /* RootViewController.swift in Sources */,
				F5FA961325726F4E00C9427E /* ManageCacheObject.swift in Sources */,
				F539294F257649CC0020CB9D /* ViewController.swift in Sources */,
				17B1C0C02567D3D200B3E6A4 /* AppDelegate.swift in Sources */,
				F5FA960D25726F0F00C9427E /* SplashViewController.swift in Sources */,
				F5FA961D2572B42D00C9427E /* Account.swift in Sources */,
				F53929882576BF770020CB9D /* ProfileViewController.swift in Sources */,
				F53929612576A25B0020CB9D /* Utils.swift in Sources */,
				F5FA964A2572B91000C9427E /* EnumStatus.swift in Sources */,
				F539295425764EFB0020CB9D /* SignUpViewController.swift in Sources */,
				F5FA95F225726B9100C9427E /* StoryboardManager.swift in Sources */,
				F539298D2576BFC80020CB9D /* StoreDataViewController.swift in Sources */,
				F539294725763D720020CB9D /* Extension.swift in Sources */,
				17B1C0C22567D3D200B3E6A4 /* SceneDelegate.swift in Sources */,
				F53929662576B4AA0020CB9D /* MainViewController.swift in Sources */,
				F5FA96452572B90600C9427E /* Configs.swift in Sources */,
				F5FA96522572C2C100C9427E /* LoginViewController.swift in Sources */,
			);
			runOnlyForDeploymentPostprocessing = 0;
		};
		17B1C0CE2567D3DE00B3E6A4 /* Sources */ = {
			isa = PBXSourcesBuildPhase;
			buildActionMask = 2147483647;
			files = (
				17B1C0D72567D3DE00B3E6A4 /* Scanner_AppTests.swift in Sources */,
			);
			runOnlyForDeploymentPostprocessing = 0;
		};
		17B1C0D92567D3DE00B3E6A4 /* Sources */ = {
			isa = PBXSourcesBuildPhase;
			buildActionMask = 2147483647;
			files = (
				17B1C0E22567D3DE00B3E6A4 /* Scanner_AppUITests.swift in Sources */,
			);
			runOnlyForDeploymentPostprocessing = 0;
		};
/* End PBXSourcesBuildPhase section */

/* Begin PBXTargetDependency section */
		17B1C0D42567D3DE00B3E6A4 /* PBXTargetDependency */ = {
			isa = PBXTargetDependency;
			target = 17B1C0BB2567D3D200B3E6A4 /* Scanner App */;
			targetProxy = 17B1C0D32567D3DE00B3E6A4 /* PBXContainerItemProxy */;
		};
		17B1C0DF2567D3DE00B3E6A4 /* PBXTargetDependency */ = {
			isa = PBXTargetDependency;
			target = 17B1C0BB2567D3D200B3E6A4 /* Scanner App */;
			targetProxy = 17B1C0DE2567D3DE00B3E6A4 /* PBXContainerItemProxy */;
		};
/* End PBXTargetDependency section */

/* Begin PBXVariantGroup section */
		17B1C0C52567D3D200B3E6A4 /* Main.storyboard */ = {
			isa = PBXVariantGroup;
			children = (
				17B1C0C62567D3D200B3E6A4 /* Base */,
			);
			name = Main.storyboard;
			sourceTree = "<group>";
		};
		17B1C0CA2567D3DE00B3E6A4 /* LaunchScreen.storyboard */ = {
			isa = PBXVariantGroup;
			children = (
				17B1C0CB2567D3DE00B3E6A4 /* Base */,
			);
			name = LaunchScreen.storyboard;
			sourceTree = "<group>";
		};
/* End PBXVariantGroup section */

/* Begin XCBuildConfiguration section */
		17B1C0E42567D3DE00B3E6A4 /* Debug */ = {
			isa = XCBuildConfiguration;
			buildSettings = {
				ALWAYS_SEARCH_USER_PATHS = NO;
				CLANG_ANALYZER_NONNULL = YES;
				CLANG_ANALYZER_NUMBER_OBJECT_CONVERSION = YES_AGGRESSIVE;
				CLANG_CXX_LANGUAGE_STANDARD = "gnu++14";
				CLANG_CXX_LIBRARY = "libc++";
				CLANG_ENABLE_MODULES = YES;
				CLANG_ENABLE_OBJC_ARC = YES;
				CLANG_ENABLE_OBJC_WEAK = YES;
				CLANG_WARN_BLOCK_CAPTURE_AUTORELEASING = YES;
				CLANG_WARN_BOOL_CONVERSION = YES;
				CLANG_WARN_COMMA = YES;
				CLANG_WARN_CONSTANT_CONVERSION = YES;
				CLANG_WARN_DEPRECATED_OBJC_IMPLEMENTATIONS = YES;
				CLANG_WARN_DIRECT_OBJC_ISA_USAGE = YES_ERROR;
				CLANG_WARN_DOCUMENTATION_COMMENTS = YES;
				CLANG_WARN_EMPTY_BODY = YES;
				CLANG_WARN_ENUM_CONVERSION = YES;
				CLANG_WARN_INFINITE_RECURSION = YES;
				CLANG_WARN_INT_CONVERSION = YES;
				CLANG_WARN_NON_LITERAL_NULL_CONVERSION = YES;
				CLANG_WARN_OBJC_IMPLICIT_RETAIN_SELF = YES;
				CLANG_WARN_OBJC_LITERAL_CONVERSION = YES;
				CLANG_WARN_OBJC_ROOT_CLASS = YES_ERROR;
				CLANG_WARN_QUOTED_INCLUDE_IN_FRAMEWORK_HEADER = YES;
				CLANG_WARN_RANGE_LOOP_ANALYSIS = YES;
				CLANG_WARN_STRICT_PROTOTYPES = YES;
				CLANG_WARN_SUSPICIOUS_MOVE = YES;
				CLANG_WARN_UNGUARDED_AVAILABILITY = YES_AGGRESSIVE;
				CLANG_WARN_UNREACHABLE_CODE = YES;
				CLANG_WARN__DUPLICATE_METHOD_MATCH = YES;
				COPY_PHASE_STRIP = NO;
				DEBUG_INFORMATION_FORMAT = dwarf;
				ENABLE_STRICT_OBJC_MSGSEND = YES;
				ENABLE_TESTABILITY = YES;
				GCC_C_LANGUAGE_STANDARD = gnu11;
				GCC_DYNAMIC_NO_PIC = NO;
				GCC_NO_COMMON_BLOCKS = YES;
				GCC_OPTIMIZATION_LEVEL = 0;
				GCC_PREPROCESSOR_DEFINITIONS = (
					"DEBUG=1",
					"$(inherited)",
				);
				GCC_WARN_64_TO_32_BIT_CONVERSION = YES;
				GCC_WARN_ABOUT_RETURN_TYPE = YES_ERROR;
				GCC_WARN_UNDECLARED_SELECTOR = YES;
				GCC_WARN_UNINITIALIZED_AUTOS = YES_AGGRESSIVE;
				GCC_WARN_UNUSED_FUNCTION = YES;
				GCC_WARN_UNUSED_VARIABLE = YES;
				IPHONEOS_DEPLOYMENT_TARGET = 14.2;
				MTL_ENABLE_DEBUG_INFO = INCLUDE_SOURCE;
				MTL_FAST_MATH = YES;
				ONLY_ACTIVE_ARCH = YES;
				SDKROOT = iphoneos;
				SWIFT_ACTIVE_COMPILATION_CONDITIONS = DEBUG;
				SWIFT_OBJC_BRIDGING_HEADER = "Scanner App/Helpers/header.h";
				SWIFT_OPTIMIZATION_LEVEL = "-Onone";
			};
			name = Debug;
		};
		17B1C0E52567D3DE00B3E6A4 /* Release */ = {
			isa = XCBuildConfiguration;
			buildSettings = {
				ALWAYS_SEARCH_USER_PATHS = NO;
				CLANG_ANALYZER_NONNULL = YES;
				CLANG_ANALYZER_NUMBER_OBJECT_CONVERSION = YES_AGGRESSIVE;
				CLANG_CXX_LANGUAGE_STANDARD = "gnu++14";
				CLANG_CXX_LIBRARY = "libc++";
				CLANG_ENABLE_MODULES = YES;
				CLANG_ENABLE_OBJC_ARC = YES;
				CLANG_ENABLE_OBJC_WEAK = YES;
				CLANG_WARN_BLOCK_CAPTURE_AUTORELEASING = YES;
				CLANG_WARN_BOOL_CONVERSION = YES;
				CLANG_WARN_COMMA = YES;
				CLANG_WARN_CONSTANT_CONVERSION = YES;
				CLANG_WARN_DEPRECATED_OBJC_IMPLEMENTATIONS = YES;
				CLANG_WARN_DIRECT_OBJC_ISA_USAGE = YES_ERROR;
				CLANG_WARN_DOCUMENTATION_COMMENTS = YES;
				CLANG_WARN_EMPTY_BODY = YES;
				CLANG_WARN_ENUM_CONVERSION = YES;
				CLANG_WARN_INFINITE_RECURSION = YES;
				CLANG_WARN_INT_CONVERSION = YES;
				CLANG_WARN_NON_LITERAL_NULL_CONVERSION = YES;
				CLANG_WARN_OBJC_IMPLICIT_RETAIN_SELF = YES;
				CLANG_WARN_OBJC_LITERAL_CONVERSION = YES;
				CLANG_WARN_OBJC_ROOT_CLASS = YES_ERROR;
				CLANG_WARN_QUOTED_INCLUDE_IN_FRAMEWORK_HEADER = YES;
				CLANG_WARN_RANGE_LOOP_ANALYSIS = YES;
				CLANG_WARN_STRICT_PROTOTYPES = YES;
				CLANG_WARN_SUSPICIOUS_MOVE = YES;
				CLANG_WARN_UNGUARDED_AVAILABILITY = YES_AGGRESSIVE;
				CLANG_WARN_UNREACHABLE_CODE = YES;
				CLANG_WARN__DUPLICATE_METHOD_MATCH = YES;
				COPY_PHASE_STRIP = NO;
				DEBUG_INFORMATION_FORMAT = "dwarf-with-dsym";
				ENABLE_NS_ASSERTIONS = NO;
				ENABLE_STRICT_OBJC_MSGSEND = YES;
				GCC_C_LANGUAGE_STANDARD = gnu11;
				GCC_NO_COMMON_BLOCKS = YES;
				GCC_WARN_64_TO_32_BIT_CONVERSION = YES;
				GCC_WARN_ABOUT_RETURN_TYPE = YES_ERROR;
				GCC_WARN_UNDECLARED_SELECTOR = YES;
				GCC_WARN_UNINITIALIZED_AUTOS = YES_AGGRESSIVE;
				GCC_WARN_UNUSED_FUNCTION = YES;
				GCC_WARN_UNUSED_VARIABLE = YES;
				IPHONEOS_DEPLOYMENT_TARGET = 14.2;
				MTL_ENABLE_DEBUG_INFO = NO;
				MTL_FAST_MATH = YES;
				SDKROOT = iphoneos;
				SWIFT_COMPILATION_MODE = wholemodule;
				SWIFT_OBJC_BRIDGING_HEADER = "Scanner App/Helpers/header.h";
				SWIFT_OPTIMIZATION_LEVEL = "-O";
				VALIDATE_PRODUCT = YES;
			};
			name = Release;
		};
		17B1C0E72567D3DE00B3E6A4 /* Debug */ = {
			isa = XCBuildConfiguration;
			baseConfigurationReference = 6B23ABCD925640AA36B716CE /* Pods-Scanner App.debug.xcconfig */;
			buildSettings = {
				ASSETCATALOG_COMPILER_APPICON_NAME = AppIcon;
				ASSETCATALOG_COMPILER_GLOBAL_ACCENT_COLOR_NAME = AccentColor;
				CODE_SIGN_STYLE = Automatic;
				DEVELOPMENT_TEAM = 6964G87UZ5;
				INFOPLIST_FILE = "Scanner App/Info.plist";
				LD_RUNPATH_SEARCH_PATHS = (
					"$(inherited)",
					"@executable_path/Frameworks",
				);
				PRODUCT_BUNDLE_IDENTIFIER = "vuhoang.trinh.Scanner-App";
				PRODUCT_NAME = "$(TARGET_NAME)";
				SWIFT_OBJC_BRIDGING_HEADER = "Scanner App/Helpers/header.h";
				SWIFT_VERSION = 5.0;
				TARGETED_DEVICE_FAMILY = 1;
			};
			name = Debug;
		};
		17B1C0E82567D3DE00B3E6A4 /* Release */ = {
			isa = XCBuildConfiguration;
			baseConfigurationReference = F8563BF2DB112685C9CC31F3 /* Pods-Scanner App.release.xcconfig */;
			buildSettings = {
				ASSETCATALOG_COMPILER_APPICON_NAME = AppIcon;
				ASSETCATALOG_COMPILER_GLOBAL_ACCENT_COLOR_NAME = AccentColor;
				CODE_SIGN_STYLE = Automatic;
				DEVELOPMENT_TEAM = 6964G87UZ5;
				INFOPLIST_FILE = "Scanner App/Info.plist";
				LD_RUNPATH_SEARCH_PATHS = (
					"$(inherited)",
					"@executable_path/Frameworks",
				);
				PRODUCT_BUNDLE_IDENTIFIER = "vuhoang.trinh.Scanner-App";
				PRODUCT_NAME = "$(TARGET_NAME)";
				SWIFT_OBJC_BRIDGING_HEADER = "Scanner App/Helpers/header.h";
				SWIFT_VERSION = 5.0;
				TARGETED_DEVICE_FAMILY = 1;
			};
			name = Release;
		};
		17B1C0EA2567D3DE00B3E6A4 /* Debug */ = {
			isa = XCBuildConfiguration;
			baseConfigurationReference = 7DDBB52F753C9962D420056B /* Pods-Scanner AppTests.debug.xcconfig */;
			buildSettings = {
				ALWAYS_EMBED_SWIFT_STANDARD_LIBRARIES = YES;
				BUNDLE_LOADER = "$(TEST_HOST)";
				CODE_SIGN_STYLE = Automatic;
				DEVELOPMENT_TEAM = 523SRU7Q76;
				INFOPLIST_FILE = "Scanner AppTests/Info.plist";
				IPHONEOS_DEPLOYMENT_TARGET = 14.2;
				LD_RUNPATH_SEARCH_PATHS = (
					"$(inherited)",
					"@executable_path/Frameworks",
					"@loader_path/Frameworks",
				);
				PRODUCT_BUNDLE_IDENTIFIER = "vuhoang.trinh.Scanner-AppTests";
				PRODUCT_NAME = "$(TARGET_NAME)";
				SWIFT_VERSION = 5.0;
				TARGETED_DEVICE_FAMILY = "1,2";
				TEST_HOST = "$(BUILT_PRODUCTS_DIR)/Scanner App.app/Scanner App";
			};
			name = Debug;
		};
		17B1C0EB2567D3DE00B3E6A4 /* Release */ = {
			isa = XCBuildConfiguration;
			baseConfigurationReference = 6EFCA9E3FD33740555CA8FDF /* Pods-Scanner AppTests.release.xcconfig */;
			buildSettings = {
				ALWAYS_EMBED_SWIFT_STANDARD_LIBRARIES = YES;
				BUNDLE_LOADER = "$(TEST_HOST)";
				CODE_SIGN_STYLE = Automatic;
				DEVELOPMENT_TEAM = 523SRU7Q76;
				INFOPLIST_FILE = "Scanner AppTests/Info.plist";
				IPHONEOS_DEPLOYMENT_TARGET = 14.2;
				LD_RUNPATH_SEARCH_PATHS = (
					"$(inherited)",
					"@executable_path/Frameworks",
					"@loader_path/Frameworks",
				);
				PRODUCT_BUNDLE_IDENTIFIER = "vuhoang.trinh.Scanner-AppTests";
				PRODUCT_NAME = "$(TARGET_NAME)";
				SWIFT_VERSION = 5.0;
				TARGETED_DEVICE_FAMILY = "1,2";
				TEST_HOST = "$(BUILT_PRODUCTS_DIR)/Scanner App.app/Scanner App";
			};
			name = Release;
		};
		17B1C0ED2567D3DE00B3E6A4 /* Debug */ = {
			isa = XCBuildConfiguration;
			baseConfigurationReference = B288F097E6C0D4D26417BCEF /* Pods-Scanner App-Scanner AppUITests.debug.xcconfig */;
			buildSettings = {
				ALWAYS_EMBED_SWIFT_STANDARD_LIBRARIES = YES;
				CODE_SIGN_STYLE = Automatic;
				DEVELOPMENT_TEAM = 523SRU7Q76;
				INFOPLIST_FILE = "Scanner AppUITests/Info.plist";
				LD_RUNPATH_SEARCH_PATHS = (
					"$(inherited)",
					"@executable_path/Frameworks",
					"@loader_path/Frameworks",
				);
				PRODUCT_BUNDLE_IDENTIFIER = "vuhoang.trinh.Scanner-AppUITests";
				PRODUCT_NAME = "$(TARGET_NAME)";
				SWIFT_VERSION = 5.0;
				TARGETED_DEVICE_FAMILY = "1,2";
				TEST_TARGET_NAME = "Scanner App";
			};
			name = Debug;
		};
		17B1C0EE2567D3DE00B3E6A4 /* Release */ = {
			isa = XCBuildConfiguration;
			baseConfigurationReference = 7969765859F7EFBE773BF2D9 /* Pods-Scanner App-Scanner AppUITests.release.xcconfig */;
			buildSettings = {
				ALWAYS_EMBED_SWIFT_STANDARD_LIBRARIES = YES;
				CODE_SIGN_STYLE = Automatic;
				DEVELOPMENT_TEAM = 523SRU7Q76;
				INFOPLIST_FILE = "Scanner AppUITests/Info.plist";
				LD_RUNPATH_SEARCH_PATHS = (
					"$(inherited)",
					"@executable_path/Frameworks",
					"@loader_path/Frameworks",
				);
				PRODUCT_BUNDLE_IDENTIFIER = "vuhoang.trinh.Scanner-AppUITests";
				PRODUCT_NAME = "$(TARGET_NAME)";
				SWIFT_VERSION = 5.0;
				TARGETED_DEVICE_FAMILY = "1,2";
				TEST_TARGET_NAME = "Scanner App";
			};
			name = Release;
		};
/* End XCBuildConfiguration section */

/* Begin XCConfigurationList section */
		17B1C0B72567D3D100B3E6A4 /* Build configuration list for PBXProject "Scanner App" */ = {
			isa = XCConfigurationList;
			buildConfigurations = (
				17B1C0E42567D3DE00B3E6A4 /* Debug */,
				17B1C0E52567D3DE00B3E6A4 /* Release */,
			);
			defaultConfigurationIsVisible = 0;
			defaultConfigurationName = Release;
		};
		17B1C0E62567D3DE00B3E6A4 /* Build configuration list for PBXNativeTarget "Scanner App" */ = {
			isa = XCConfigurationList;
			buildConfigurations = (
				17B1C0E72567D3DE00B3E6A4 /* Debug */,
				17B1C0E82567D3DE00B3E6A4 /* Release */,
			);
			defaultConfigurationIsVisible = 0;
			defaultConfigurationName = Release;
		};
		17B1C0E92567D3DE00B3E6A4 /* Build configuration list for PBXNativeTarget "Scanner AppTests" */ = {
			isa = XCConfigurationList;
			buildConfigurations = (
				17B1C0EA2567D3DE00B3E6A4 /* Debug */,
				17B1C0EB2567D3DE00B3E6A4 /* Release */,
			);
			defaultConfigurationIsVisible = 0;
			defaultConfigurationName = Release;
		};
		17B1C0EC2567D3DE00B3E6A4 /* Build configuration list for PBXNativeTarget "Scanner AppUITests" */ = {
			isa = XCConfigurationList;
			buildConfigurations = (
				17B1C0ED2567D3DE00B3E6A4 /* Debug */,
				17B1C0EE2567D3DE00B3E6A4 /* Release */,
			);
			defaultConfigurationIsVisible = 0;
			defaultConfigurationName = Release;
		};
/* End XCConfigurationList section */
	};
	rootObject = 17B1C0B42567D3D100B3E6A4 /* Project object */;
}
